
Microsoft Visual Studio Solution File, Format Version 12.00
# Visual Studio Version 17
VisualStudioVersion = 17.13.35913.81 d17.13
MinimumVisualStudioVersion = 10.0.40219.1
Project("{FAE04EC0-301F-11D3-BF4B-00C04F79EFBC}") = "ProductManagementCatalogue.Domain", "ProductManagementCatalogue.Domain.csproj", "{528883D9-731B-46CB-9795-D6B0C7C4468A}"
EndProject
Project("{FAE04EC0-301F-11D3-BF4B-00C04F79EFBC}") = "ProductManagementCatalogue.Infrastructure", "..\ProductManagementCatalogue.Infrastructure\ProductManagementCatalogue.Infrastructure.csproj", "{107D355A-F2AA-4FBF-8013-F57F0944F77C}"
EndProject
Project("{FAE04EC0-301F-11D3-BF4B-00C04F79EFBC}") = "ProductManagementCatalogue.API", "..\ProductManagementCatalogue.API\ProductManagementCatalogue.API.csproj", "{3B8AD6E9-AC9D-48EE-BA8F-95BBAA33BBDF}"
EndProject
Project("{FAE04EC0-301F-11D3-BF4B-00C04F79EFBC}") = "ProductManagementCatalogue.Application", "..\ProductManagementCatalogue.Application\ProductManagementCatalogue.Application.csproj", "{5CEE85D0-B55C-4E9D-A38B-CEF444125E1D}"
EndProject
Global
	GlobalSection(SolutionConfigurationPlatforms) = preSolution
		Debug|Any CPU = Debug|Any CPU
		Release|Any CPU = Release|Any CPU
	EndGlobalSection
	GlobalSection(ProjectConfigurationPlatforms) = postSolution
		{528883D9-731B-46CB-9795-D6B0C7C4468A}.Debug|Any CPU.ActiveCfg = Debug|Any CPU
		{528883D9-731B-46CB-9795-D6B0C7C4468A}.Debug|Any CPU.Build.0 = Debug|Any CPU
		{528883D9-731B-46CB-9795-D6B0C7C4468A}.Release|Any CPU.ActiveCfg = Release|Any CPU
		{528883D9-731B-46CB-9795-D6B0C7C4468A}.Release|Any CPU.Build.0 = Release|Any CPU
		{107D355A-F2AA-4FBF-8013-F57F0944F77C}.Debug|Any CPU.ActiveCfg = Debug|Any CPU
		{107D355A-F2AA-4FBF-8013-F57F0944F77C}.Debug|Any CPU.Build.0 = Debug|Any CPU
		{107D355A-F2AA-4FBF-8013-F57F0944F77C}.Release|Any CPU.ActiveCfg = Release|Any CPU
		{107D355A-F2AA-4FBF-8013-F57F0944F77C}.Release|Any CPU.Build.0 = Release|Any CPU
		{3B8AD6E9-AC9D-48EE-BA8F-95BBAA33BBDF}.Debug|Any CPU.ActiveCfg = Debug|Any CPU
		{3B8AD6E9-AC9D-48EE-BA8F-95BBAA33BBDF}.Debug|Any CPU.Build.0 = Debug|Any CPU
		{3B8AD6E9-AC9D-48EE-BA8F-95BBAA33BBDF}.Release|Any CPU.ActiveCfg = Release|Any CPU
		{3B8AD6E9-AC9D-48EE-BA8F-95BBAA33BBDF}.Release|Any CPU.Build.0 = Release|Any CPU
		{5CEE85D0-B55C-4E9D-A38B-CEF444125E1D}.Debug|Any CPU.ActiveCfg = Debug|Any CPU
		{5CEE85D0-B55C-4E9D-A38B-CEF444125E1D}.Debug|Any CPU.Build.0 = Debug|Any CPU
		{5CEE85D0-B55C-4E9D-A38B-CEF444125E1D}.Release|Any CPU.ActiveCfg = Release|Any CPU
		{5CEE85D0-B55C-4E9D-A38B-CEF444125E1D}.Release|Any CPU.Build.0 = Release|Any CPU
	EndGlobalSection
	GlobalSection(SolutionProperties) = preSolution
		HideSolutionNode = FALSE
	EndGlobalSection
	GlobalSection(ExtensibilityGlobals) = postSolution
		SolutionGuid = {95781ADA-F04E-47F5-AA9D-967B7C504370}
	EndGlobalSection
EndGlobal
